
Microsoft Visual Studio Solution File, Format Version 12.00
# Visual Studio 15
VisualStudioVersion = 15.0.27428.2015
MinimumVisualStudioVersion = 10.0.40219.1
Project("{FAE04EC0-301F-11D3-BF4B-00C04F79EFBC}") = "SenderosDirecta", "SenderosDirecta\SenderosDirecta.csproj", "{0ADFBB09-F644-46D2-A1FF-101A1BC43737}"
EndProject
Project("{FAE04EC0-301F-11D3-BF4B-00C04F79EFBC}") = "ONGDirectaADO", "TiendaDirectaADO\ONGDirectaADO.csproj", "{FDD9B084-857A-4BA1-8294-0CCD09037184}"
EndProject
Project("{FAE04EC0-301F-11D3-BF4B-00C04F79EFBC}") = "ONGDirectaADOmySQL", "ONGDirectaADOmySQL\ONGDirectaADOmySQL.csproj", "{C445E239-CF7A-4FC5-85C2-597769A82DF2}"
EndProject
Project("{FAE04EC0-301F-11D3-BF4B-00C04F79EFBC}") = "SenderosORM_EF_existeBD", "SenderosORM_EF_existeBD\SenderosORM_EF_existeBD.csproj", "{74BBEAED-5902-47E3-A9B5-34467AE0DE65}"
EndProject
Project("{FAE04EC0-301F-11D3-BF4B-00C04F79EFBC}") = "PrestamosORM_EF_modelFirst", "PrestamosORM_EF_modelFirst\PrestamosORM_EF_modelFirst.csproj", "{94A992C7-10CB-49A0-86FA-E3E12F4ECF6A}"
EndProject
Global
	GlobalSection(SolutionConfigurationPlatforms) = preSolution
		Debug|Any CPU = Debug|Any CPU
		Release|Any CPU = Release|Any CPU
	EndGlobalSection
	GlobalSection(ProjectConfigurationPlatforms) = postSolution
		{0ADFBB09-F644-46D2-A1FF-101A1BC43737}.Debug|Any CPU.ActiveCfg = Debug|Any CPU
		{0ADFBB09-F644-46D2-A1FF-101A1BC43737}.Debug|Any CPU.Build.0 = Debug|Any CPU
		{0ADFBB09-F644-46D2-A1FF-101A1BC43737}.Release|Any CPU.ActiveCfg = Release|Any CPU
		{0ADFBB09-F644-46D2-A1FF-101A1BC43737}.Release|Any CPU.Build.0 = Release|Any CPU
		{FDD9B084-857A-4BA1-8294-0CCD09037184}.Debug|Any CPU.ActiveCfg = Debug|Any CPU
		{FDD9B084-857A-4BA1-8294-0CCD09037184}.Debug|Any CPU.Build.0 = Debug|Any CPU
		{FDD9B084-857A-4BA1-8294-0CCD09037184}.Release|Any CPU.ActiveCfg = Release|Any CPU
		{FDD9B084-857A-4BA1-8294-0CCD09037184}.Release|Any CPU.Build.0 = Release|Any CPU
		{C445E239-CF7A-4FC5-85C2-597769A82DF2}.Debug|Any CPU.ActiveCfg = Debug|Any CPU
		{C445E239-CF7A-4FC5-85C2-597769A82DF2}.Debug|Any CPU.Build.0 = Debug|Any CPU
		{C445E239-CF7A-4FC5-85C2-597769A82DF2}.Release|Any CPU.ActiveCfg = Release|Any CPU
		{C445E239-CF7A-4FC5-85C2-597769A82DF2}.Release|Any CPU.Build.0 = Release|Any CPU
		{74BBEAED-5902-47E3-A9B5-34467AE0DE65}.Debug|Any CPU.ActiveCfg = Debug|Any CPU
		{74BBEAED-5902-47E3-A9B5-34467AE0DE65}.Debug|Any CPU.Build.0 = Debug|Any CPU
		{74BBEAED-5902-47E3-A9B5-34467AE0DE65}.Release|Any CPU.ActiveCfg = Release|Any CPU
		{74BBEAED-5902-47E3-A9B5-34467AE0DE65}.Release|Any CPU.Build.0 = Release|Any CPU
		{94A992C7-10CB-49A0-86FA-E3E12F4ECF6A}.Debug|Any CPU.ActiveCfg = Debug|Any CPU
		{94A992C7-10CB-49A0-86FA-E3E12F4ECF6A}.Debug|Any CPU.Build.0 = Debug|Any CPU
		{94A992C7-10CB-49A0-86FA-E3E12F4ECF6A}.Release|Any CPU.ActiveCfg = Release|Any CPU
		{94A992C7-10CB-49A0-86FA-E3E12F4ECF6A}.Release|Any CPU.Build.0 = Release|Any CPU
	EndGlobalSection
	GlobalSection(SolutionProperties) = preSolution
		HideSolutionNode = FALSE
	EndGlobalSection
	GlobalSection(ExtensibilityGlobals) = postSolution
		SolutionGuid = {8A919EF8-E0BA-4BFE-9BA9-A3AA50C89C61}
	EndGlobalSection
EndGlobal
